{
  "name": "test-array-map",
  "version": "1.0.3",
  "lockfileVersion": 1,
  "requires": true,
  "dependencies": {
    "typescript": {
      "version": "3.7.3",
      "resolved": "https://registry.npm.taobao.org/typescript/download/typescript-3.7.3.tgz",
      "integrity": "sha1-s2hAZooWRYpwJbnqv60Rtmq4XGk=",
      "dev": true
    },
    "xx-test-array-map": {
      "version": "1.0.2",
      "resolved": "https://registry.npmjs.org/xx-test-array-map/-/xx-test-array-map-1.0.2.tgz",
      "integrity": "sha512-YokA/pbOcyavA2aWLpwLa+40j1FAljBZDdN1CfLjq1etcZlWAX5MmEuHGWvC1Jbldad6viIRRAVmVmU7+rUg5w==",
      "requires": {
        "xx-test-array-map": "1.0.2"
      }
    }
  }
}
